// !$*UTF8*$!
{
	archiveVersion = 1;
	classes = {
	};
	objectVersion = 52;
	objects = {

/* Begin PBXBuildFile section */
		07FFFD0426BDA17F009D7232 /* ffly_poem_client_iosApp.swift in Sources */ = {isa = PBXBuildFile; fileRef = 07FFFD0326BDA17F009D7232 /* ffly_poem_client_iosApp.swift */; };
		07FFFD0626BDA17F009D7232 /* ContentView.swift in Sources */ = {isa = PBXBuildFile; fileRef = 07FFFD0526BDA17F009D7232 /* ContentView.swift */; };
		07FFFD0826BDA180009D7232 /* Assets.xcassets in Resources */ = {isa = PBXBuildFile; fileRef = 07FFFD0726BDA180009D7232 /* Assets.xcassets */; };
		07FFFD0B26BDA180009D7232 /* Preview Assets.xcassets in Resources */ = {isa = PBXBuildFile; fileRef = 07FFFD0A26BDA180009D7232 /* Preview Assets.xcassets */; };
		07FFFD1626BDA181009D7232 /* ffly_poem_client_iosTests.swift in Sources */ = {isa = PBXBuildFile; fileRef = 07FFFD1526BDA181009D7232 /* ffly_poem_client_iosTests.swift */; };
		07FFFD2126BDA181009D7232 /* ffly_poem_client_iosUITests.swift in Sources */ = {isa = PBXBuildFile; fileRef = 07FFFD2026BDA181009D7232 /* ffly_poem_client_iosUITests.swift */; };
		07FFFD3326BDD3B5009D7232 /* Apollo in Frameworks */ = {isa = PBXBuildFile; productRef = 07FFFD3226BDD3B5009D7232 /* Apollo */; };
		07FFFD3526BDD3B5009D7232 /* ApolloWebSocket in Frameworks */ = {isa = PBXBuildFile; productRef = 07FFFD3426BDD3B5009D7232 /* ApolloWebSocket */; };
/* End PBXBuildFile section */

/* Begin PBXContainerItemProxy section */
		07FFFD1226BDA181009D7232 /* PBXContainerItemProxy */ = {
			isa = PBXContainerItemProxy;
			containerPortal = 07FFFCF826BDA17F009D7232 /* Project object */;
			proxyType = 1;
			remoteGlobalIDString = 07FFFCFF26BDA17F009D7232;
			remoteInfo = "ffly-poem-client-ios";
		};
		07FFFD1D26BDA181009D7232 /* PBXContainerItemProxy */ = {
			isa = PBXContainerItemProxy;
			containerPortal = 07FFFCF826BDA17F009D7232 /* Project object */;
			proxyType = 1;
			remoteGlobalIDString = 07FFFCFF26BDA17F009D7232;
			remoteInfo = "ffly-poem-client-ios";
		};
/* End PBXContainerItemProxy section */

/* Begin PBXFileReference section */
		07FFFD0026BDA17F009D7232 /* ffly-poem-client-ios.app */ = {isa = PBXFileReference; explicitFileType = wrapper.application; includeInIndex = 0; path = "ffly-poem-client-ios.app"; sourceTree = BUILT_PRODUCTS_DIR; };
		07FFFD0326BDA17F009D7232 /* ffly_poem_client_iosApp.swift */ = {isa = PBXFileReference; lastKnownFileType = sourcecode.swift; path = ffly_poem_client_iosApp.swift; sourceTree = "<group>"; };
		07FFFD0526BDA17F009D7232 /* ContentView.swift */ = {isa = PBXFileReference; lastKnownFileType = sourcecode.swift; path = ContentView.swift; sourceTree = "<group>"; };
		07FFFD0726BDA180009D7232 /* Assets.xcassets */ = {isa = PBXFileReference; lastKnownFileType = folder.assetcatalog; path = Assets.xcassets; sourceTree = "<group>"; };
		07FFFD0A26BDA180009D7232 /* Preview Assets.xcassets */ = {isa = PBXFileReference; lastKnownFileType = folder.assetcatalog; path = "Preview Assets.xcassets"; sourceTree = "<group>"; };
		07FFFD0C26BDA180009D7232 /* Info.plist */ = {isa = PBXFileReference; lastKnownFileType = text.plist.xml; path = Info.plist; sourceTree = "<group>"; };
		07FFFD1126BDA181009D7232 /* ffly-poem-client-iosTests.xctest */ = {isa = PBXFileReference; explicitFileType = wrapper.cfbundle; includeInIndex = 0; path = "ffly-poem-client-iosTests.xctest"; sourceTree = BUILT_PRODUCTS_DIR; };
		07FFFD1526BDA181009D7232 /* ffly_poem_client_iosTests.swift */ = {isa = PBXFileReference; lastKnownFileType = sourcecode.swift; path = ffly_poem_client_iosTests.swift; sourceTree = "<group>"; };
		07FFFD1726BDA181009D7232 /* Info.plist */ = {isa = PBXFileReference; lastKnownFileType = text.plist.xml; path = Info.plist; sourceTree = "<group>"; };
		07FFFD1C26BDA181009D7232 /* ffly-poem-client-iosUITests.xctest */ = {isa = PBXFileReference; explicitFileType = wrapper.cfbundle; includeInIndex = 0; path = "ffly-poem-client-iosUITests.xctest"; sourceTree = BUILT_PRODUCTS_DIR; };
		07FFFD2026BDA181009D7232 /* ffly_poem_client_iosUITests.swift */ = {isa = PBXFileReference; lastKnownFileType = sourcecode.swift; path = ffly_poem_client_iosUITests.swift; sourceTree = "<group>"; };
		07FFFD2226BDA181009D7232 /* Info.plist */ = {isa = PBXFileReference; lastKnownFileType = text.plist.xml; path = Info.plist; sourceTree = "<group>"; };
/* End PBXFileReference section */

/* Begin PBXFrameworksBuildPhase section */
		07FFFCFD26BDA17F009D7232 /* Frameworks */ = {
			isa = PBXFrameworksBuildPhase;
			buildActionMask = 2147483647;
			files = (
				07FFFD3326BDD3B5009D7232 /* Apollo in Frameworks */,
				07FFFD3526BDD3B5009D7232 /* ApolloWebSocket in Frameworks */,
			);
			runOnlyForDeploymentPostprocessing = 0;
		};
		07FFFD0E26BDA181009D7232 /* Frameworks */ = {
			isa = PBXFrameworksBuildPhase;
			buildActionMask = 2147483647;
			files = (
			);
			runOnlyForDeploymentPostprocessing = 0;
		};
		07FFFD1926BDA181009D7232 /* Frameworks */ = {
			isa = PBXFrameworksBuildPhase;
			buildActionMask = 2147483647;
			files = (
			);
			runOnlyForDeploymentPostprocessing = 0;
		};
/* End PBXFrameworksBuildPhase section */

/* Begin PBXGroup section */
		07FFFCF726BDA17F009D7232 = {
			isa = PBXGroup;
			children = (
				07FFFD0226BDA17F009D7232 /* ffly-poem-client-ios */,
				07FFFD1426BDA181009D7232 /* ffly-poem-client-iosTests */,
				07FFFD1F26BDA181009D7232 /* ffly-poem-client-iosUITests */,
				07FFFD0126BDA17F009D7232 /* Products */,
			);
			sourceTree = "<group>";
		};
		07FFFD0126BDA17F009D7232 /* Products */ = {
			isa = PBXGroup;
			children = (
				07FFFD0026BDA17F009D7232 /* ffly-poem-client-ios.app */,
				07FFFD1126BDA181009D7232 /* ffly-poem-client-iosTests.xctest */,
				07FFFD1C26BDA181009D7232 /* ffly-poem-client-iosUITests.xctest */,
			);
			name = Products;
			sourceTree = "<group>";
		};
		07FFFD0226BDA17F009D7232 /* ffly-poem-client-ios */ = {
			isa = PBXGroup;
			children = (
				07FFFD0326BDA17F009D7232 /* ffly_poem_client_iosApp.swift */,
				07FFFD0526BDA17F009D7232 /* ContentView.swift */,
				07FFFD0726BDA180009D7232 /* Assets.xcassets */,
				07FFFD0C26BDA180009D7232 /* Info.plist */,
				07FFFD0926BDA180009D7232 /* Preview Content */,
			);
			path = "ffly-poem-client-ios";
			sourceTree = "<group>";
		};
		07FFFD0926BDA180009D7232 /* Preview Content */ = {
			isa = PBXGroup;
			children = (
				07FFFD0A26BDA180009D7232 /* Preview Assets.xcassets */,
			);
			path = "Preview Content";
			sourceTree = "<group>";
		};
		07FFFD1426BDA181009D7232 /* ffly-poem-client-iosTests */ = {
			isa = PBXGroup;
			children = (
				07FFFD1526BDA181009D7232 /* ffly_poem_client_iosTests.swift */,
				07FFFD1726BDA181009D7232 /* Info.plist */,
			);
			path = "ffly-poem-client-iosTests";
			sourceTree = "<group>";
		};
		07FFFD1F26BDA181009D7232 /* ffly-poem-client-iosUITests */ = {
			isa = PBXGroup;
			children = (
				07FFFD2026BDA181009D7232 /* ffly_poem_client_iosUITests.swift */,
				07FFFD2226BDA181009D7232 /* Info.plist */,
			);
			path = "ffly-poem-client-iosUITests";
			sourceTree = "<group>";
		};
/* End PBXGroup section */

/* Begin PBXNativeTarget section */
		07FFFCFF26BDA17F009D7232 /* ffly-poem-client-ios */ = {
			isa = PBXNativeTarget;
			buildConfigurationList = 07FFFD2526BDA181009D7232 /* Build configuration list for PBXNativeTarget "ffly-poem-client-ios" */;
			buildPhases = (
				07FFFCFC26BDA17F009D7232 /* Sources */,
				07FFFCFD26BDA17F009D7232 /* Frameworks */,
				07FFFCFE26BDA17F009D7232 /* Resources */,
			);
			buildRules = (
			);
			dependencies = (
			);
			name = "ffly-poem-client-ios";
			packageProductDependencies = (
				07FFFD3226BDD3B5009D7232 /* Apollo */,
				07FFFD3426BDD3B5009D7232 /* ApolloWebSocket */,
			);
			productName = "ffly-poem-client-ios";
			productReference = 07FFFD0026BDA17F009D7232 /* ffly-poem-client-ios.app */;
			productType = "com.apple.product-type.application";
		};
		07FFFD1026BDA181009D7232 /* ffly-poem-client-iosTests */ = {
			isa = PBXNativeTarget;
			buildConfigurationList = 07FFFD2826BDA181009D7232 /* Build configuration list for PBXNativeTarget "ffly-poem-client-iosTests" */;
			buildPhases = (
				07FFFD0D26BDA181009D7232 /* Sources */,
				07FFFD0E26BDA181009D7232 /* Frameworks */,
				07FFFD0F26BDA181009D7232 /* Resources */,
			);
			buildRules = (
			);
			dependencies = (
				07FFFD1326BDA181009D7232 /* PBXTargetDependency */,
			);
			name = "ffly-poem-client-iosTests";
			productName = "ffly-poem-client-iosTests";
			productReference = 07FFFD1126BDA181009D7232 /* ffly-poem-client-iosTests.xctest */;
			productType = "com.apple.product-type.bundle.unit-test";
		};
		07FFFD1B26BDA181009D7232 /* ffly-poem-client-iosUITests */ = {
			isa = PBXNativeTarget;
			buildConfigurationList = 07FFFD2B26BDA181009D7232 /* Build configuration list for PBXNativeTarget "ffly-poem-client-iosUITests" */;
			buildPhases = (
				07FFFD1826BDA181009D7232 /* Sources */,
				07FFFD1926BDA181009D7232 /* Frameworks */,
				07FFFD1A26BDA181009D7232 /* Resources */,
			);
			buildRules = (
			);
			dependencies = (
				07FFFD1E26BDA181009D7232 /* PBXTargetDependency */,
			);
			name = "ffly-poem-client-iosUITests";
			productName = "ffly-poem-client-iosUITests";
			productReference = 07FFFD1C26BDA181009D7232 /* ffly-poem-client-iosUITests.xctest */;
			productType = "com.apple.product-type.bundle.ui-testing";
		};
/* End PBXNativeTarget section */

/* Begin PBXProject section */
		07FFFCF826BDA17F009D7232 /* Project object */ = {
			isa = PBXProject;
			attributes = {
				LastSwiftUpdateCheck = 1240;
				LastUpgradeCheck = 1240;
				TargetAttributes = {
					07FFFCFF26BDA17F009D7232 = {
						CreatedOnToolsVersion = 12.4;
					};
					07FFFD1026BDA181009D7232 = {
						CreatedOnToolsVersion = 12.4;
						TestTargetID = 07FFFCFF26BDA17F009D7232;
					};
					07FFFD1B26BDA181009D7232 = {
						CreatedOnToolsVersion = 12.4;
						TestTargetID = 07FFFCFF26BDA17F009D7232;
					};
				};
			};
			buildConfigurationList = 07FFFCFB26BDA17F009D7232 /* Build configuration list for PBXProject "ffly-poem-client-ios" */;
			compatibilityVersion = "Xcode 9.3";
			developmentRegion = en;
			hasScannedForEncodings = 0;
			knownRegions = (
				en,
				Base,
			);
			mainGroup = 07FFFCF726BDA17F009D7232;
			packageReferences = (
				07FFFD3126BDD3B5009D7232 /* XCRemoteSwiftPackageReference "apollo-ios" */,
			);
			productRefGroup = 07FFFD0126BDA17F009D7232 /* Products */;
			projectDirPath = "";
			projectRoot = "";
			targets = (
				07FFFCFF26BDA17F009D7232 /* ffly-poem-client-ios */,
				07FFFD1026BDA181009D7232 /* ffly-poem-client-iosTests */,
				07FFFD1B26BDA181009D7232 /* ffly-poem-client-iosUITests */,
			);
		};
/* End PBXProject section */

/* Begin PBXResourcesBuildPhase section */
		07FFFCFE26BDA17F009D7232 /* Resources */ = {
			isa = PBXResourcesBuildPhase;
			buildActionMask = 2147483647;
			files = (
				07FFFD0B26BDA180009D7232 /* Preview Assets.xcassets in Resources */,
				07FFFD0826BDA180009D7232 /* Assets.xcassets in Resources */,
			);
			runOnlyForDeploymentPostprocessing = 0;
		};
		07FFFD0F26BDA181009D7232 /* Resources */ = {
			isa = PBXResourcesBuildPhase;
			buildActionMask = 2147483647;
			files = (
			);
			runOnlyForDeploymentPostprocessing = 0;
		};
		07FFFD1A26BDA181009D7232 /* Resources */ = {
			isa = PBXResourcesBuildPhase;
			buildActionMask = 2147483647;
			files = (
			);
			runOnlyForDeploymentPostprocessing = 0;
		};
/* End PBXResourcesBuildPhase section */

/* Begin PBXSourcesBuildPhase section */
		07FFFCFC26BDA17F009D7232 /* Sources */ = {
			isa = PBXSourcesBuildPhase;
			buildActionMask = 2147483647;
			files = (
				07FFFD0626BDA17F009D7232 /* ContentView.swift in Sources */,
				07FFFD0426BDA17F009D7232 /* ffly_poem_client_iosApp.swift in Sources */,
			);
			runOnlyForDeploymentPostprocessing = 0;
		};
		07FFFD0D26BDA181009D7232 /* Sources */ = {
			isa = PBXSourcesBuildPhase;
			buildActionMask = 2147483647;
			files = (
				07FFFD1626BDA181009D7232 /* ffly_poem_client_iosTests.swift in Sources */,
			);
			runOnlyForDeploymentPostprocessing = 0;
		};
		07FFFD1826BDA181009D7232 /* Sources */ = {
			isa = PBXSourcesBuildPhase;
			buildActionMask = 2147483647;
			files = (
				07FFFD2126BDA181009D7232 /* ffly_poem_client_iosUITests.swift in Sources */,
			);
			runOnlyForDeploymentPostprocessing = 0;
		};
/* End PBXSourcesBuildPhase section */

/* Begin PBXTargetDependency section */
		07FFFD1326BDA181009D7232 /* PBXTargetDependency */ = {
			isa = PBXTargetDependency;
			target = 07FFFCFF26BDA17F009D7232 /* ffly-poem-client-ios */;
			targetProxy = 07FFFD1226BDA181009D7232 /* PBXContainerItemProxy */;
		};
		07FFFD1E26BDA181009D7232 /* PBXTargetDependency */ = {
			isa = PBXTargetDependency;
			target = 07FFFCFF26BDA17F009D7232 /* ffly-poem-client-ios */;
			targetProxy = 07FFFD1D26BDA181009D7232 /* PBXContainerItemProxy */;
		};
/* End PBXTargetDependency section */

/* Begin XCBuildConfiguration section */
		07FFFD2326BDA181009D7232 /* Debug */ = {
			isa = XCBuildConfiguration;
			buildSettings = {
				ALWAYS_SEARCH_USER_PATHS = NO;
				CLANG_ANALYZER_NONNULL = YES;
				CLANG_ANALYZER_NUMBER_OBJECT_CONVERSION = YES_AGGRESSIVE;
				CLANG_CXX_LANGUAGE_STANDARD = "gnu++14";
				CLANG_CXX_LIBRARY = "libc++";
				CLANG_ENABLE_MODULES = YES;
				CLANG_ENABLE_OBJC_ARC = YES;
				CLANG_ENABLE_OBJC_WEAK = YES;
				CLANG_WARN_BLOCK_CAPTURE_AUTORELEASING = YES;
				CLANG_WARN_BOOL_CONVERSION = YES;
				CLANG_WARN_COMMA = YES;
				CLANG_WARN_CONSTANT_CONVERSION = YES;
				CLANG_WARN_DEPRECATED_OBJC_IMPLEMENTATIONS = YES;
				CLANG_WARN_DIRECT_OBJC_ISA_USAGE = YES_ERROR;
				CLANG_WARN_DOCUMENTATION_COMMENTS = YES;
				CLANG_WARN_EMPTY_BODY = YES;
				CLANG_WARN_ENUM_CONVERSION = YES;
				CLANG_WARN_INFINITE_RECURSION = YES;
				CLANG_WARN_INT_CONVERSION = YES;
				CLANG_WARN_NON_LITERAL_NULL_CONVERSION = YES;
				CLANG_WARN_OBJC_IMPLICIT_RETAIN_SELF = YES;
				CLANG_WARN_OBJC_LITERAL_CONVERSION = YES;
				CLANG_WARN_OBJC_ROOT_CLASS = YES_ERROR;
				CLANG_WARN_QUOTED_INCLUDE_IN_FRAMEWORK_HEADER = YES;
				CLANG_WARN_RANGE_LOOP_ANALYSIS = YES;
				CLANG_WARN_STRICT_PROTOTYPES = YES;
				CLANG_WARN_SUSPICIOUS_MOVE = YES;
				CLANG_WARN_UNGUARDED_AVAILABILITY = YES_AGGRESSIVE;
				CLANG_WARN_UNREACHABLE_CODE = YES;
				CLANG_WARN__DUPLICATE_METHOD_MATCH = YES;
				COPY_PHASE_STRIP = NO;
				DEBUG_INFORMATION_FORMAT = dwarf;
				ENABLE_STRICT_OBJC_MSGSEND = YES;
				ENABLE_TESTABILITY = YES;
				GCC_C_LANGUAGE_STANDARD = gnu11;
				GCC_DYNAMIC_NO_PIC = NO;
				GCC_NO_COMMON_BLOCKS = YES;
				GCC_OPTIMIZATION_LEVEL = 0;
				GCC_PREPROCESSOR_DEFINITIONS = (
					"DEBUG=1",
					"$(inherited)",
				);
				GCC_WARN_64_TO_32_BIT_CONVERSION = YES;
				GCC_WARN_ABOUT_RETURN_TYPE = YES_ERROR;
				GCC_WARN_UNDECLARED_SELECTOR = YES;
				GCC_WARN_UNINITIALIZED_AUTOS = YES_AGGRESSIVE;
				GCC_WARN_UNUSED_FUNCTION = YES;
				GCC_WARN_UNUSED_VARIABLE = YES;
				IPHONEOS_DEPLOYMENT_TARGET = 14.4;
				MTL_ENABLE_DEBUG_INFO = INCLUDE_SOURCE;
				MTL_FAST_MATH = YES;
				ONLY_ACTIVE_ARCH = YES;
				SDKROOT = iphoneos;
				SWIFT_ACTIVE_COMPILATION_CONDITIONS = DEBUG;
				SWIFT_OPTIMIZATION_LEVEL = "-Onone";
			};
			name = Debug;
		};
		07FFFD2426BDA181009D7232 /* Release */ = {
			isa = XCBuildConfiguration;
			buildSettings = {
				ALWAYS_SEARCH_USER_PATHS = NO;
				CLANG_ANALYZER_NONNULL = YES;
				CLANG_ANALYZER_NUMBER_OBJECT_CONVERSION = YES_AGGRESSIVE;
				CLANG_CXX_LANGUAGE_STANDARD = "gnu++14";
				CLANG_CXX_LIBRARY = "libc++";
				CLANG_ENABLE_MODULES = YES;
				CLANG_ENABLE_OBJC_ARC = YES;
				CLANG_ENABLE_OBJC_WEAK = YES;
				CLANG_WARN_BLOCK_CAPTURE_AUTORELEASING = YES;
				CLANG_WARN_BOOL_CONVERSION = YES;
				CLANG_WARN_COMMA = YES;
				CLANG_WARN_CONSTANT_CONVERSION = YES;
				CLANG_WARN_DEPRECATED_OBJC_IMPLEMENTATIONS = YES;
				CLANG_WARN_DIRECT_OBJC_ISA_USAGE = YES_ERROR;
				CLANG_WARN_DOCUMENTATION_COMMENTS = YES;
				CLANG_WARN_EMPTY_BODY = YES;
				CLANG_WARN_ENUM_CONVERSION = YES;
				CLANG_WARN_INFINITE_RECURSION = YES;
				CLANG_WARN_INT_CONVERSION = YES;
				CLANG_WARN_NON_LITERAL_NULL_CONVERSION = YES;
				CLANG_WARN_OBJC_IMPLICIT_RETAIN_SELF = YES;
				CLANG_WARN_OBJC_LITERAL_CONVERSION = YES;
				CLANG_WARN_OBJC_ROOT_CLASS = YES_ERROR;
				CLANG_WARN_QUOTED_INCLUDE_IN_FRAMEWORK_HEADER = YES;
				CLANG_WARN_RANGE_LOOP_ANALYSIS = YES;
				CLANG_WARN_STRICT_PROTOTYPES = YES;
				CLANG_WARN_SUSPICIOUS_MOVE = YES;
				CLANG_WARN_UNGUARDED_AVAILABILITY = YES_AGGRESSIVE;
				CLANG_WARN_UNREACHABLE_CODE = YES;
				CLANG_WARN__DUPLICATE_METHOD_MATCH = YES;
				COPY_PHASE_STRIP = NO;
				DEBUG_INFORMATION_FORMAT = "dwarf-with-dsym";
				ENABLE_NS_ASSERTIONS = NO;
				ENABLE_STRICT_OBJC_MSGSEND = YES;
				GCC_C_LANGUAGE_STANDARD = gnu11;
				GCC_NO_COMMON_BLOCKS = YES;
				GCC_WARN_64_TO_32_BIT_CONVERSION = YES;
				GCC_WARN_ABOUT_RETURN_TYPE = YES_ERROR;
				GCC_WARN_UNDECLARED_SELECTOR = YES;
				GCC_WARN_UNINITIALIZED_AUTOS = YES_AGGRESSIVE;
				GCC_WARN_UNUSED_FUNCTION = YES;
				GCC_WARN_UNUSED_VARIABLE = YES;
				IPHONEOS_DEPLOYMENT_TARGET = 14.4;
				MTL_ENABLE_DEBUG_INFO = NO;
				MTL_FAST_MATH = YES;
				SDKROOT = iphoneos;
				SWIFT_COMPILATION_MODE = wholemodule;
				SWIFT_OPTIMIZATION_LEVEL = "-O";
				VALIDATE_PRODUCT = YES;
			};
			name = Release;
		};
		07FFFD2626BDA181009D7232 /* Debug */ = {
			isa = XCBuildConfiguration;
			buildSettings = {
				ASSETCATALOG_COMPILER_APPICON_NAME = AppIcon;
				ASSETCATALOG_COMPILER_GLOBAL_ACCENT_COLOR_NAME = AccentColor;
				CODE_SIGN_STYLE = Automatic;
				DEVELOPMENT_ASSET_PATHS = "\"ffly-poem-client-ios/Preview Content\"";
				ENABLE_PREVIEWS = YES;
				INFOPLIST_FILE = "ffly-poem-client-ios/Info.plist";
				IPHONEOS_DEPLOYMENT_TARGET = 14.0;
				LD_RUNPATH_SEARCH_PATHS = (
					"$(inherited)",
					"@executable_path/Frameworks",
				);
				PRODUCT_BUNDLE_IDENTIFIER = "com.ffly.ffly-poem-client-ios";
				PRODUCT_NAME = "$(TARGET_NAME)";
				SWIFT_VERSION = 5.0;
				TARGETED_DEVICE_FAMILY = "1,2";
			};
			name = Debug;
		};
		07FFFD2726BDA181009D7232 /* Release */ = {
			isa = XCBuildConfiguration;
			buildSettings = {
				ASSETCATALOG_COMPILER_APPICON_NAME = AppIcon;
				ASSETCATALOG_COMPILER_GLOBAL_ACCENT_COLOR_NAME = AccentColor;
				CODE_SIGN_STYLE = Automatic;
				DEVELOPMENT_ASSET_PATHS = "\"ffly-poem-client-ios/Preview Content\"";
				ENABLE_PREVIEWS = YES;
				INFOPLIST_FILE = "ffly-poem-client-ios/Info.plist";
				IPHONEOS_DEPLOYMENT_TARGET = 14.0;
				LD_RUNPATH_SEARCH_PATHS = (
					"$(inherited)",
					"@executable_path/Frameworks",
				);
				PRODUCT_BUNDLE_IDENTIFIER = "com.ffly.ffly-poem-client-ios";
				PRODUCT_NAME = "$(TARGET_NAME)";
				SWIFT_VERSION = 5.0;
				TARGETED_DEVICE_FAMILY = "1,2";
			};
			name = Release;
		};
		07FFFD2926BDA181009D7232 /* Debug */ = {
			isa = XCBuildConfiguration;
			buildSettings = {
				ALWAYS_EMBED_SWIFT_STANDARD_LIBRARIES = YES;
				BUNDLE_LOADER = "$(TEST_HOST)";
				CODE_SIGN_STYLE = Automatic;
				INFOPLIST_FILE = "ffly-poem-client-iosTests/Info.plist";
				IPHONEOS_DEPLOYMENT_TARGET = 14.0;
				LD_RUNPATH_SEARCH_PATHS = (
					"$(inherited)",
					"@executable_path/Frameworks",
					"@loader_path/Frameworks",
				);
				PRODUCT_BUNDLE_IDENTIFIER = "com.ffly.ffly-poem-client-iosTests";
				PRODUCT_NAME = "$(TARGET_NAME)";
				SWIFT_VERSION = 5.0;
				TARGETED_DEVICE_FAMILY = "1,2";
				TEST_HOST = "$(BUILT_PRODUCTS_DIR)/ffly-poem-client-ios.app/ffly-poem-client-ios";
			};
			name = Debug;
		};
		07FFFD2A26BDA181009D7232 /* Release */ = {
			isa = XCBuildConfiguration;
			buildSettings = {
				ALWAYS_EMBED_SWIFT_STANDARD_LIBRARIES = YES;
				BUNDLE_LOADER = "$(TEST_HOST)";
				CODE_SIGN_STYLE = Automatic;
				INFOPLIST_FILE = "ffly-poem-client-iosTests/Info.plist";
				IPHONEOS_DEPLOYMENT_TARGET = 14.0;
				LD_RUNPATH_SEARCH_PATHS = (
					"$(inherited)",
					"@executable_path/Frameworks",
					"@loader_path/Frameworks",
				);
				PRODUCT_BUNDLE_IDENTIFIER = "com.ffly.ffly-poem-client-iosTests";
				PRODUCT_NAME = "$(TARGET_NAME)";
				SWIFT_VERSION = 5.0;
				TARGETED_DEVICE_FAMILY = "1,2";
				TEST_HOST = "$(BUILT_PRODUCTS_DIR)/ffly-poem-client-ios.app/ffly-poem-client-ios";
			};
			name = Release;
		};
		07FFFD2C26BDA181009D7232 /* Debug */ = {
			isa = XCBuildConfiguration;
			buildSettings = {
				ALWAYS_EMBED_SWIFT_STANDARD_LIBRARIES = YES;
				CODE_SIGN_STYLE = Automatic;
				INFOPLIST_FILE = "ffly-poem-client-iosUITests/Info.plist";
				LD_RUNPATH_SEARCH_PATHS = (
					"$(inherited)",
					"@executable_path/Frameworks",
					"@loader_path/Frameworks",
				);
				PRODUCT_BUNDLE_IDENTIFIER = "com.ffly.ffly-poem-client-iosUITests";
				PRODUCT_NAME = "$(TARGET_NAME)";
				SWIFT_VERSION = 5.0;
				TARGETED_DEVICE_FAMILY = "1,2";
				TEST_TARGET_NAME = "ffly-poem-client-ios";
			};
			name = Debug;
		};
		07FFFD2D26BDA181009D7232 /* Release */ = {
			isa = XCBuildConfiguration;
			buildSettings = {
				ALWAYS_EMBED_SWIFT_STANDARD_LIBRARIES = YES;
				CODE_SIGN_STYLE = Automatic;
				INFOPLIST_FILE = "ffly-poem-client-iosUITests/Info.plist";
				LD_RUNPATH_SEARCH_PATHS = (
					"$(inherited)",
					"@executable_path/Frameworks",
					"@loader_path/Frameworks",
				);
				PRODUCT_BUNDLE_IDENTIFIER = "com.ffly.ffly-poem-client-iosUITests";
				PRODUCT_NAME = "$(TARGET_NAME)";
				SWIFT_VERSION = 5.0;
				TARGETED_DEVICE_FAMILY = "1,2";
				TEST_TARGET_NAME = "ffly-poem-client-ios";
			};
			name = Release;
		};
/* End XCBuildConfiguration section */

/* Begin XCConfigurationList section */
		07FFFCFB26BDA17F009D7232 /* Build configuration list for PBXProject "ffly-poem-client-ios" */ = {
			isa = XCConfigurationList;
			buildConfigurations = (
				07FFFD2326BDA181009D7232 /* Debug */,
				07FFFD2426BDA181009D7232 /* Release */,
			);
			defaultConfigurationIsVisible = 0;
			defaultConfigurationName = Release;
		};
		07FFFD2526BDA181009D7232 /* Build configuration list for PBXNativeTarget "ffly-poem-client-ios" */ = {
			isa = XCConfigurationList;
			buildConfigurations = (
				07FFFD2626BDA181009D7232 /* Debug */,
				07FFFD2726BDA181009D7232 /* Release */,
			);
			defaultConfigurationIsVisible = 0;
			defaultConfigurationName = Release;
		};
		07FFFD2826BDA181009D7232 /* Build configuration list for PBXNativeTarget "ffly-poem-client-iosTests" */ = {
			isa = XCConfigurationList;
			buildConfigurations = (
				07FFFD2926BDA181009D7232 /* Debug */,
				07FFFD2A26BDA181009D7232 /* Release */,
			);
			defaultConfigurationIsVisible = 0;
			defaultConfigurationName = Release;
		};
		07FFFD2B26BDA181009D7232 /* Build configuration list for PBXNativeTarget "ffly-poem-client-iosUITests" */ = {
			isa = XCConfigurationList;
			buildConfigurations = (
				07FFFD2C26BDA181009D7232 /* Debug */,
				07FFFD2D26BDA181009D7232 /* Release */,
			);
			defaultConfigurationIsVisible = 0;
			defaultConfigurationName = Release;
		};
/* End XCConfigurationList section */

/* Begin XCRemoteSwiftPackageReference section */
		07FFFD3126BDD3B5009D7232 /* XCRemoteSwiftPackageReference "apollo-ios" */ = {
			isa = XCRemoteSwiftPackageReference;
			repositoryURL = "https://github.com/apollographql/apollo-ios.git";
			requirement = {
				kind = upToNextMajorVersion;
				minimumVersion = 0.45.0;
			};
		};
/* End XCRemoteSwiftPackageReference section */

/* Begin XCSwiftPackageProductDependency section */
		07FFFD3226BDD3B5009D7232 /* Apollo */ = {
			isa = XCSwiftPackageProductDependency;
			package = 07FFFD3126BDD3B5009D7232 /* XCRemoteSwiftPackageReference "apollo-ios" */;
			productName = Apollo;
		};
		07FFFD3426BDD3B5009D7232 /* ApolloWebSocket */ = {
			isa = XCSwiftPackageProductDependency;
			package = 07FFFD3126BDD3B5009D7232 /* XCRemoteSwiftPackageReference "apollo-ios" */;
			productName = ApolloWebSocket;
		};
/* End XCSwiftPackageProductDependency section */
	};
	rootObject = 07FFFCF826BDA17F009D7232 /* Project object */;
}
